
Microsoft Visual Studio Solution File, Format Version 12.00
# Visual Studio Version 16
VisualStudioVersion = 16.0.33927.289
MinimumVisualStudioVersion = 10.0.40219.1
Project("{FAE04EC0-301F-11D3-BF4B-00C04F79EFBC}") = "ConsoleApp1", "ConsoleApp1\ConsoleApp1.csproj", "{75433AB2-B63D-4460-BAFC-D7D34F397040}"
EndProject
Project("{FAE04EC0-301F-11D3-BF4B-00C04F79EFBC}") = "ConsoleApp2", "ConsoleApp2\ConsoleApp2.csproj", "{E89F0B22-B4F7-4F92-9431-205655482D0F}"
EndProject
Project("{FAE04EC0-301F-11D3-BF4B-00C04F79EFBC}") = "ConsoleApp3", "ConsoleApp3\ConsoleApp3.csproj", "{46E20299-406F-4492-8135-C228F03E9FDB}"
EndProject
Project("{FAE04EC0-301F-11D3-BF4B-00C04F79EFBC}") = "Branching Assignment", "Branching Assignment\Branching Assignment.csproj", "{460612F6-5B84-4DCF-A0C5-C6E4B452B955}"
EndProject
Project("{FAE04EC0-301F-11D3-BF4B-00C04F79EFBC}") = "ConsoleApp4", "ConsoleApp4\ConsoleApp4.csproj", "{6666D01E-236E-42F7-86BD-F6361E394B37}"
EndProject
Project("{FAE04EC0-301F-11D3-BF4B-00C04F79EFBC}") = "ConsoleApp5", "ConsoleApp5\ConsoleApp5.csproj", "{E1BD86FC-951B-4AEC-928E-931A4B57B65E}"
EndProject
Project("{FAE04EC0-301F-11D3-BF4B-00C04F79EFBC}") = "ConsoleApp6", "ConsoleApp6\ConsoleApp6.csproj", "{6FEB81FE-84A0-45B6-AB24-AF0CA945F9F8}"
EndProject
Project("{FAE04EC0-301F-11D3-BF4B-00C04F79EFBC}") = "ConsoleApp7", "ConsoleApp7\ConsoleApp7.csproj", "{DD20DA55-0DDE-42DE-B6D0-ECC7E48D91CE}"
EndProject
Project("{FAE04EC0-301F-11D3-BF4B-00C04F79EFBC}") = "ConsoleApp8", "ConsoleApp8\ConsoleApp8.csproj", "{528F41F1-C08A-49E8-BD5D-03B91519BB97}"
EndProject
Project("{FAE04EC0-301F-11D3-BF4B-00C04F79EFBC}") = "ConsoleApp9", "ConsoleApp9\ConsoleApp9.csproj", "{A1357A97-091D-4717-AB1C-F9FDC5648092}"
EndProject
Project("{FAE04EC0-301F-11D3-BF4B-00C04F79EFBC}") = "ConsoleApp10", "ConsoleApp10\ConsoleApp10.csproj", "{95DC4223-E9CD-4D4C-BC51-60E706A937FD}"
EndProject
Project("{FAE04EC0-301F-11D3-BF4B-00C04F79EFBC}") = "Method Class Assignment", "Method Class Assignment\Method Class Assignment.csproj", "{031F4908-C7D5-4C21-B4D4-0B39D5A18A82}"
EndProject
Global
	GlobalSection(SolutionConfigurationPlatforms) = preSolution
		Debug|Any CPU = Debug|Any CPU
		Release|Any CPU = Release|Any CPU
	EndGlobalSection
	GlobalSection(ProjectConfigurationPlatforms) = postSolution
		{75433AB2-B63D-4460-BAFC-D7D34F397040}.Debug|Any CPU.ActiveCfg = Debug|Any CPU
		{75433AB2-B63D-4460-BAFC-D7D34F397040}.Debug|Any CPU.Build.0 = Debug|Any CPU
		{75433AB2-B63D-4460-BAFC-D7D34F397040}.Release|Any CPU.ActiveCfg = Release|Any CPU
		{75433AB2-B63D-4460-BAFC-D7D34F397040}.Release|Any CPU.Build.0 = Release|Any CPU
		{E89F0B22-B4F7-4F92-9431-205655482D0F}.Debug|Any CPU.ActiveCfg = Debug|Any CPU
		{E89F0B22-B4F7-4F92-9431-205655482D0F}.Debug|Any CPU.Build.0 = Debug|Any CPU
		{E89F0B22-B4F7-4F92-9431-205655482D0F}.Release|Any CPU.ActiveCfg = Release|Any CPU
		{E89F0B22-B4F7-4F92-9431-205655482D0F}.Release|Any CPU.Build.0 = Release|Any CPU
		{46E20299-406F-4492-8135-C228F03E9FDB}.Debug|Any CPU.ActiveCfg = Debug|Any CPU
		{46E20299-406F-4492-8135-C228F03E9FDB}.Debug|Any CPU.Build.0 = Debug|Any CPU
		{46E20299-406F-4492-8135-C228F03E9FDB}.Release|Any CPU.ActiveCfg = Release|Any CPU
		{46E20299-406F-4492-8135-C228F03E9FDB}.Release|Any CPU.Build.0 = Release|Any CPU
		{460612F6-5B84-4DCF-A0C5-C6E4B452B955}.Debug|Any CPU.ActiveCfg = Debug|Any CPU
		{460612F6-5B84-4DCF-A0C5-C6E4B452B955}.Debug|Any CPU.Build.0 = Debug|Any CPU
		{460612F6-5B84-4DCF-A0C5-C6E4B452B955}.Release|Any CPU.ActiveCfg = Release|Any CPU
		{460612F6-5B84-4DCF-A0C5-C6E4B452B955}.Release|Any CPU.Build.0 = Release|Any CPU
		{6666D01E-236E-42F7-86BD-F6361E394B37}.Debug|Any CPU.ActiveCfg = Debug|Any CPU
		{6666D01E-236E-42F7-86BD-F6361E394B37}.Debug|Any CPU.Build.0 = Debug|Any CPU
		{6666D01E-236E-42F7-86BD-F6361E394B37}.Release|Any CPU.ActiveCfg = Release|Any CPU
		{6666D01E-236E-42F7-86BD-F6361E394B37}.Release|Any CPU.Build.0 = Release|Any CPU
		{E1BD86FC-951B-4AEC-928E-931A4B57B65E}.Debug|Any CPU.ActiveCfg = Debug|Any CPU
		{E1BD86FC-951B-4AEC-928E-931A4B57B65E}.Debug|Any CPU.Build.0 = Debug|Any CPU
		{E1BD86FC-951B-4AEC-928E-931A4B57B65E}.Release|Any CPU.ActiveCfg = Release|Any CPU
		{E1BD86FC-951B-4AEC-928E-931A4B57B65E}.Release|Any CPU.Build.0 = Release|Any CPU
		{6FEB81FE-84A0-45B6-AB24-AF0CA945F9F8}.Debug|Any CPU.ActiveCfg = Debug|Any CPU
		{6FEB81FE-84A0-45B6-AB24-AF0CA945F9F8}.Debug|Any CPU.Build.0 = Debug|Any CPU
		{6FEB81FE-84A0-45B6-AB24-AF0CA945F9F8}.Release|Any CPU.ActiveCfg = Release|Any CPU
		{6FEB81FE-84A0-45B6-AB24-AF0CA945F9F8}.Release|Any CPU.Build.0 = Release|Any CPU
		{DD20DA55-0DDE-42DE-B6D0-ECC7E48D91CE}.Debug|Any CPU.ActiveCfg = Debug|Any CPU
		{DD20DA55-0DDE-42DE-B6D0-ECC7E48D91CE}.Debug|Any CPU.Build.0 = Debug|Any CPU
		{DD20DA55-0DDE-42DE-B6D0-ECC7E48D91CE}.Release|Any CPU.ActiveCfg = Release|Any CPU
		{DD20DA55-0DDE-42DE-B6D0-ECC7E48D91CE}.Release|Any CPU.Build.0 = Release|Any CPU
		{528F41F1-C08A-49E8-BD5D-03B91519BB97}.Debug|Any CPU.ActiveCfg = Debug|Any CPU
		{528F41F1-C08A-49E8-BD5D-03B91519BB97}.Debug|Any CPU.Build.0 = Debug|Any CPU
		{528F41F1-C08A-49E8-BD5D-03B91519BB97}.Release|Any CPU.ActiveCfg = Release|Any CPU
		{528F41F1-C08A-49E8-BD5D-03B91519BB97}.Release|Any CPU.Build.0 = Release|Any CPU
		{A1357A97-091D-4717-AB1C-F9FDC5648092}.Debug|Any CPU.ActiveCfg = Debug|Any CPU
		{A1357A97-091D-4717-AB1C-F9FDC5648092}.Debug|Any CPU.Build.0 = Debug|Any CPU
		{A1357A97-091D-4717-AB1C-F9FDC5648092}.Release|Any CPU.ActiveCfg = Release|Any CPU
		{A1357A97-091D-4717-AB1C-F9FDC5648092}.Release|Any CPU.Build.0 = Release|Any CPU
		{95DC4223-E9CD-4D4C-BC51-60E706A937FD}.Debug|Any CPU.ActiveCfg = Debug|Any CPU
		{95DC4223-E9CD-4D4C-BC51-60E706A937FD}.Debug|Any CPU.Build.0 = Debug|Any CPU
		{95DC4223-E9CD-4D4C-BC51-60E706A937FD}.Release|Any CPU.ActiveCfg = Release|Any CPU
		{95DC4223-E9CD-4D4C-BC51-60E706A937FD}.Release|Any CPU.Build.0 = Release|Any CPU
		{031F4908-C7D5-4C21-B4D4-0B39D5A18A82}.Debug|Any CPU.ActiveCfg = Debug|Any CPU
		{031F4908-C7D5-4C21-B4D4-0B39D5A18A82}.Debug|Any CPU.Build.0 = Debug|Any CPU
		{031F4908-C7D5-4C21-B4D4-0B39D5A18A82}.Release|Any CPU.ActiveCfg = Release|Any CPU
		{031F4908-C7D5-4C21-B4D4-0B39D5A18A82}.Release|Any CPU.Build.0 = Release|Any CPU
	EndGlobalSection
	GlobalSection(SolutionProperties) = preSolution
		HideSolutionNode = FALSE
	EndGlobalSection
	GlobalSection(ExtensibilityGlobals) = postSolution
		SolutionGuid = {96822CC9-FB91-43F4-86C1-C59759044370}
	EndGlobalSection
EndGlobal
