
Microsoft Visual Studio Solution File, Format Version 12.00
# Visual Studio Version 16
VisualStudioVersion = 16.0.33927.289
MinimumVisualStudioVersion = 10.0.40219.1
Project("{FAE04EC0-301F-11D3-BF4B-00C04F79EFBC}") = "Final", "Final\Final.csproj", "{AAA2DD7B-1AF6-4929-8568-7801B3F0B5F0}"
EndProject
Global
	GlobalSection(SolutionConfigurationPlatforms) = preSolution
		Debug|Any CPU = Debug|Any CPU
		Release|Any CPU = Release|Any CPU
	EndGlobalSection
	GlobalSection(ProjectConfigurationPlatforms) = postSolution
		{AAA2DD7B-1AF6-4929-8568-7801B3F0B5F0}.Debug|Any CPU.ActiveCfg = Debug|Any CPU
		{AAA2DD7B-1AF6-4929-8568-7801B3F0B5F0}.Debug|Any CPU.Build.0 = Debug|Any CPU
		{AAA2DD7B-1AF6-4929-8568-7801B3F0B5F0}.Release|Any CPU.ActiveCfg = Release|Any CPU
		{AAA2DD7B-1AF6-4929-8568-7801B3F0B5F0}.Release|Any CPU.Build.0 = Release|Any CPU
	EndGlobalSection
	GlobalSection(SolutionProperties) = preSolution
		HideSolutionNode = FALSE
	EndGlobalSection
	GlobalSection(ExtensibilityGlobals) = postSolution
		SolutionGuid = {256B72CC-920E-4A9F-BB24-2587117DB7D9}
	EndGlobalSection
EndGlobal
